// !$*UTF8*$!
{
	archiveVersion = 1;
	classes = {
	};
	objectVersion = 46;
	objects = {

/* Begin PBXBuildFile section */
		699866EF1CCFB929004612A1 /* Foundation.framework in Frameworks */ = {isa = PBXBuildFile; fileRef = 699866EE1CCFB929004612A1 /* Foundation.framework */; };
		699866F11CCFB929004612A1 /* CoreGraphics.framework in Frameworks */ = {isa = PBXBuildFile; fileRef = 699866F01CCFB929004612A1 /* CoreGraphics.framework */; };
		699866F31CCFB929004612A1 /* UIKit.framework in Frameworks */ = {isa = PBXBuildFile; fileRef = 699866F21CCFB929004612A1 /* UIKit.framework */; };
		699866F91CCFB929004612A1 /* InfoPlist.strings in Resources */ = {isa = PBXBuildFile; fileRef = 699866F71CCFB929004612A1 /* InfoPlist.strings */; };
		699866FB1CCFB929004612A1 /* main.m in Sources */ = {isa = PBXBuildFile; fileRef = 699866FA1CCFB929004612A1 /* main.m */; };
		699866FF1CCFB929004612A1 /* AppDelegate.m in Sources */ = {isa = PBXBuildFile; fileRef = 699866FE1CCFB929004612A1 /* AppDelegate.m */; };
		699867021CCFB929004612A1 /* Main.storyboard in Resources */ = {isa = PBXBuildFile; fileRef = 699867001CCFB929004612A1 /* Main.storyboard */; };
		699867051CCFB929004612A1 /* ViewController.m in Sources */ = {isa = PBXBuildFile; fileRef = 699867041CCFB929004612A1 /* ViewController.m */; };
		699867071CCFB929004612A1 /* Images.xcassets in Resources */ = {isa = PBXBuildFile; fileRef = 699867061CCFB929004612A1 /* Images.xcassets */; };
		6998670E1CCFB929004612A1 /* XCTest.framework in Frameworks */ = {isa = PBXBuildFile; fileRef = 6998670D1CCFB929004612A1 /* XCTest.framework */; };
		6998670F1CCFB929004612A1 /* Foundation.framework in Frameworks */ = {isa = PBXBuildFile; fileRef = 699866EE1CCFB929004612A1 /* Foundation.framework */; };
		699867101CCFB929004612A1 /* UIKit.framework in Frameworks */ = {isa = PBXBuildFile; fileRef = 699866F21CCFB929004612A1 /* UIKit.framework */; };
		699867181CCFB929004612A1 /* InfoPlist.strings in Resources */ = {isa = PBXBuildFile; fileRef = 699867161CCFB929004612A1 /* InfoPlist.strings */; };
		6998671A1CCFB929004612A1 /* TestXcode_SourceCodeTests.m in Sources */ = {isa = PBXBuildFile; fileRef = 699867191CCFB929004612A1 /* TestXcode_SourceCodeTests.m */; };
/* End PBXBuildFile section */

/* Begin PBXContainerItemProxy section */
		699867111CCFB929004612A1 /* PBXContainerItemProxy */ = {
			isa = PBXContainerItemProxy;
			containerPortal = 699866E31CCFB929004612A1 /* Project object */;
			proxyType = 1;
			remoteGlobalIDString = 699866EA1CCFB929004612A1;
			remoteInfo = TestXcode_SourceCode;
		};
/* End PBXContainerItemProxy section */

/* Begin PBXFileReference section */
		699866EB1CCFB929004612A1 /* TestXcode_SourceCode.app */ = {isa = PBXFileReference; explicitFileType = wrapper.application; includeInIndex = 0; path = TestXcode_SourceCode.app; sourceTree = BUILT_PRODUCTS_DIR; };
		699866EE1CCFB929004612A1 /* Foundation.framework */ = {isa = PBXFileReference; lastKnownFileType = wrapper.framework; name = Foundation.framework; path = System/Library/Frameworks/Foundation.framework; sourceTree = SDKROOT; };
		699866F01CCFB929004612A1 /* CoreGraphics.framework */ = {isa = PBXFileReference; lastKnownFileType = wrapper.framework; name = CoreGraphics.framework; path = System/Library/Frameworks/CoreGraphics.framework; sourceTree = SDKROOT; };
		699866F21CCFB929004612A1 /* UIKit.framework */ = {isa = PBXFileReference; lastKnownFileType = wrapper.framework; name = UIKit.framework; path = System/Library/Frameworks/UIKit.framework; sourceTree = SDKROOT; };
		699866F61CCFB929004612A1 /* TestXcode_SourceCode-Info.plist */ = {isa = PBXFileReference; lastKnownFileType = text.plist.xml; path = "TestXcode_SourceCode-Info.plist"; sourceTree = "<group>"; };
		699866F81CCFB929004612A1 /* en */ = {isa = PBXFileReference; lastKnownFileType = text.plist.strings; name = en; path = en.lproj/InfoPlist.strings; sourceTree = "<group>"; };
		699866FA1CCFB929004612A1 /* main.m */ = {isa = PBXFileReference; lastKnownFileType = sourcecode.c.objc; path = main.m; sourceTree = "<group>"; };
		699866FC1CCFB929004612A1 /* TestXcode_SourceCode-Prefix.pch */ = {isa = PBXFileReference; lastKnownFileType = sourcecode.c.h; path = "TestXcode_SourceCode-Prefix.pch"; sourceTree = "<group>"; };
		699866FD1CCFB929004612A1 /* AppDelegate.h */ = {isa = PBXFileReference; lastKnownFileType = sourcecode.c.h; path = AppDelegate.h; sourceTree = "<group>"; };
		699866FE1CCFB929004612A1 /* AppDelegate.m */ = {isa = PBXFileReference; lastKnownFileType = sourcecode.c.objc; path = AppDelegate.m; sourceTree = "<group>"; };
		699867011CCFB929004612A1 /* Base */ = {isa = PBXFileReference; lastKnownFileType = file.storyboard; name = Base; path = Base.lproj/Main.storyboard; sourceTree = "<group>"; };
		699867031CCFB929004612A1 /* ViewController.h */ = {isa = PBXFileReference; lastKnownFileType = sourcecode.c.h; path = ViewController.h; sourceTree = "<group>"; };
		699867041CCFB929004612A1 /* ViewController.m */ = {isa = PBXFileReference; lastKnownFileType = sourcecode.c.objc; path = ViewController.m; sourceTree = "<group>"; };
		699867061CCFB929004612A1 /* Images.xcassets */ = {isa = PBXFileReference; lastKnownFileType = folder.assetcatalog; path = Images.xcassets; sourceTree = "<group>"; };
		6998670C1CCFB929004612A1 /* TestXcode_SourceCodeTests.xctest */ = {isa = PBXFileReference; explicitFileType = wrapper.cfbundle; includeInIndex = 0; path = TestXcode_SourceCodeTests.xctest; sourceTree = BUILT_PRODUCTS_DIR; };
		6998670D1CCFB929004612A1 /* XCTest.framework */ = {isa = PBXFileReference; lastKnownFileType = wrapper.framework; name = XCTest.framework; path = Library/Frameworks/XCTest.framework; sourceTree = DEVELOPER_DIR; };
		699867151CCFB929004612A1 /* TestXcode_SourceCodeTests-Info.plist */ = {isa = PBXFileReference; lastKnownFileType = text.plist.xml; path = "TestXcode_SourceCodeTests-Info.plist"; sourceTree = "<group>"; };
		699867171CCFB929004612A1 /* en */ = {isa = PBXFileReference; lastKnownFileType = text.plist.strings; name = en; path = en.lproj/InfoPlist.strings; sourceTree = "<group>"; };
		699867191CCFB929004612A1 /* TestXcode_SourceCodeTests.m */ = {isa = PBXFileReference; lastKnownFileType = sourcecode.c.objc; path = TestXcode_SourceCodeTests.m; sourceTree = "<group>"; };
/* End PBXFileReference section */

/* Begin PBXFrameworksBuildPhase section */
		699866E81CCFB929004612A1 /* Frameworks */ = {
			isa = PBXFrameworksBuildPhase;
			buildActionMask = 2147483647;
			files = (
				699866F11CCFB929004612A1 /* CoreGraphics.framework in Frameworks */,
				699866F31CCFB929004612A1 /* UIKit.framework in Frameworks */,
				699866EF1CCFB929004612A1 /* Foundation.framework in Frameworks */,
			);
			runOnlyForDeploymentPostprocessing = 0;
		};
		699867091CCFB929004612A1 /* Frameworks */ = {
			isa = PBXFrameworksBuildPhase;
			buildActionMask = 2147483647;
			files = (
				6998670E1CCFB929004612A1 /* XCTest.framework in Frameworks */,
				699867101CCFB929004612A1 /* UIKit.framework in Frameworks */,
				6998670F1CCFB929004612A1 /* Foundation.framework in Frameworks */,
			);
			runOnlyForDeploymentPostprocessing = 0;
		};
/* End PBXFrameworksBuildPhase section */

/* Begin PBXGroup section */
		699866E21CCFB929004612A1 = {
			isa = PBXGroup;
			children = (
				699866F41CCFB929004612A1 /* TestXcode_SourceCode */,
				699867131CCFB929004612A1 /* TestXcode_SourceCodeTests */,
				699866ED1CCFB929004612A1 /* Frameworks */,
				699866EC1CCFB929004612A1 /* Products */,
			);
			sourceTree = "<group>";
		};
		699866EC1CCFB929004612A1 /* Products */ = {
			isa = PBXGroup;
			children = (
				699866EB1CCFB929004612A1 /* TestXcode_SourceCode.app */,
				6998670C1CCFB929004612A1 /* TestXcode_SourceCodeTests.xctest */,
			);
			name = Products;
			sourceTree = "<group>";
		};
		699866ED1CCFB929004612A1 /* Frameworks */ = {
			isa = PBXGroup;
			children = (
				699866EE1CCFB929004612A1 /* Foundation.framework */,
				699866F01CCFB929004612A1 /* CoreGraphics.framework */,
				699866F21CCFB929004612A1 /* UIKit.framework */,
				6998670D1CCFB929004612A1 /* XCTest.framework */,
			);
			name = Frameworks;
			sourceTree = "<group>";
		};
		699866F41CCFB929004612A1 /* TestXcode_SourceCode */ = {
			isa = PBXGroup;
			children = (
				699866FD1CCFB929004612A1 /* AppDelegate.h */,
				699866FE1CCFB929004612A1 /* AppDelegate.m */,
				699867001CCFB929004612A1 /* Main.storyboard */,
				699867031CCFB929004612A1 /* ViewController.h */,
				699867041CCFB929004612A1 /* ViewController.m */,
				699867061CCFB929004612A1 /* Images.xcassets */,
				699866F51CCFB929004612A1 /* Supporting Files */,
			);
			path = TestXcode_SourceCode;
			sourceTree = "<group>";
		};
		699866F51CCFB929004612A1 /* Supporting Files */ = {
			isa = PBXGroup;
			children = (
				699866F61CCFB929004612A1 /* TestXcode_SourceCode-Info.plist */,
				699866F71CCFB929004612A1 /* InfoPlist.strings */,
				699866FA1CCFB929004612A1 /* main.m */,
				699866FC1CCFB929004612A1 /* TestXcode_SourceCode-Prefix.pch */,
			);
			name = "Supporting Files";
			sourceTree = "<group>";
		};
		699867131CCFB929004612A1 /* TestXcode_SourceCodeTests */ = {
			isa = PBXGroup;
			children = (
				699867191CCFB929004612A1 /* TestXcode_SourceCodeTests.m */,
				699867141CCFB929004612A1 /* Supporting Files */,
			);
			path = TestXcode_SourceCodeTests;
			sourceTree = "<group>";
		};
		699867141CCFB929004612A1 /* Supporting Files */ = {
			isa = PBXGroup;
			children = (
				699867151CCFB929004612A1 /* TestXcode_SourceCodeTests-Info.plist */,
				699867161CCFB929004612A1 /* InfoPlist.strings */,
			);
			name = "Supporting Files";
			sourceTree = "<group>";
		};
/* End PBXGroup section */

/* Begin PBXNativeTarget section */
		699866EA1CCFB929004612A1 /* TestXcode_SourceCode */ = {
			isa = PBXNativeTarget;
			buildConfigurationList = 6998671D1CCFB929004612A1 /* Build configuration list for PBXNativeTarget "TestXcode_SourceCode" */;
			buildPhases = (
				699866E71CCFB929004612A1 /* Sources */,
				699866E81CCFB929004612A1 /* Frameworks */,
				699866E91CCFB929004612A1 /* Resources */,
			);
			buildRules = (
			);
			dependencies = (
			);
			name = TestXcode_SourceCode;
			productName = TestXcode_SourceCode;
			productReference = 699866EB1CCFB929004612A1 /* TestXcode_SourceCode.app */;
			productType = "com.apple.product-type.application";
		};
		6998670B1CCFB929004612A1 /* TestXcode_SourceCodeTests */ = {
			isa = PBXNativeTarget;
			buildConfigurationList = 699867201CCFB929004612A1 /* Build configuration list for PBXNativeTarget "TestXcode_SourceCodeTests" */;
			buildPhases = (
				699867081CCFB929004612A1 /* Sources */,
				699867091CCFB929004612A1 /* Frameworks */,
				6998670A1CCFB929004612A1 /* Resources */,
			);
			buildRules = (
			);
			dependencies = (
				699867121CCFB929004612A1 /* PBXTargetDependency */,
			);
			name = TestXcode_SourceCodeTests;
			productName = TestXcode_SourceCodeTests;
			productReference = 6998670C1CCFB929004612A1 /* TestXcode_SourceCodeTests.xctest */;
			productType = "com.apple.product-type.bundle.unit-test";
		};
/* End PBXNativeTarget section */

/* Begin PBXProject section */
		699866E31CCFB929004612A1 /* Project object */ = {
			isa = PBXProject;
			attributes = {
				LastUpgradeCheck = 0510;
				ORGANIZATIONNAME = AEG;
				TargetAttributes = {
					6998670B1CCFB929004612A1 = {
						TestTargetID = 699866EA1CCFB929004612A1;
					};
				};
			};
			buildConfigurationList = 699866E61CCFB929004612A1 /* Build configuration list for PBXProject "TestXcode_SourceCode" */;
			compatibilityVersion = "Xcode 3.2";
			developmentRegion = English;
			hasScannedForEncodings = 0;
			knownRegions = (
				en,
				Base,
			);
			mainGroup = 699866E21CCFB929004612A1;
			productRefGroup = 699866EC1CCFB929004612A1 /* Products */;
			projectDirPath = "";
			projectRoot = "";
			targets = (
				699866EA1CCFB929004612A1 /* TestXcode_SourceCode */,
				6998670B1CCFB929004612A1 /* TestXcode_SourceCodeTests */,
			);
		};
/* End PBXProject section */

/* Begin PBXResourcesBuildPhase section */
		699866E91CCFB929004612A1 /* Resources */ = {
			isa = PBXResourcesBuildPhase;
			buildActionMask = 2147483647;
			files = (
				699867071CCFB929004612A1 /* Images.xcassets in Resources */,
				699866F91CCFB929004612A1 /* InfoPlist.strings in Resources */,
				699867021CCFB929004612A1 /* Main.storyboard in Resources */,
			);
			runOnlyForDeploymentPostprocessing = 0;
		};
		6998670A1CCFB929004612A1 /* Resources */ = {
			isa = PBXResourcesBuildPhase;
			buildActionMask = 2147483647;
			files = (
				699867181CCFB929004612A1 /* InfoPlist.strings in Resources */,
			);
			runOnlyForDeploymentPostprocessing = 0;
		};
/* End PBXResourcesBuildPhase section */

/* Begin PBXSourcesBuildPhase section */
		699866E71CCFB929004612A1 /* Sources */ = {
			isa = PBXSourcesBuildPhase;
			buildActionMask = 2147483647;
			files = (
				699867051CCFB929004612A1 /* ViewController.m in Sources */,
				699866FF1CCFB929004612A1 /* AppDelegate.m in Sources */,
				699866FB1CCFB929004612A1 /* main.m in Sources */,
			);
			runOnlyForDeploymentPostprocessing = 0;
		};
		699867081CCFB929004612A1 /* Sources */ = {
			isa = PBXSourcesBuildPhase;
			buildActionMask = 2147483647;
			files = (
				6998671A1CCFB929004612A1 /* TestXcode_SourceCodeTests.m in Sources */,
			);
			runOnlyForDeploymentPostprocessing = 0;
		};
/* End PBXSourcesBuildPhase section */

/* Begin PBXTargetDependency section */
		699867121CCFB929004612A1 /* PBXTargetDependency */ = {
			isa = PBXTargetDependency;
			target = 699866EA1CCFB929004612A1 /* TestXcode_SourceCode */;
			targetProxy = 699867111CCFB929004612A1 /* PBXContainerItemProxy */;
		};
/* End PBXTargetDependency section */

/* Begin PBXVariantGroup section */
		699866F71CCFB929004612A1 /* InfoPlist.strings */ = {
			isa = PBXVariantGroup;
			children = (
				699866F81CCFB929004612A1 /* en */,
			);
			name = InfoPlist.strings;
			sourceTree = "<group>";
		};
		699867001CCFB929004612A1 /* Main.storyboard */ = {
			isa = PBXVariantGroup;
			children = (
				699867011CCFB929004612A1 /* Base */,
			);
			name = Main.storyboard;
			sourceTree = "<group>";
		};
		699867161CCFB929004612A1 /* InfoPlist.strings */ = {
			isa = PBXVariantGroup;
			children = (
				699867171CCFB929004612A1 /* en */,
			);
			name = InfoPlist.strings;
			sourceTree = "<group>";
		};
/* End PBXVariantGroup section */

/* Begin XCBuildConfiguration section */
		6998671B1CCFB929004612A1 /* Debug */ = {
			isa = XCBuildConfiguration;
			buildSettings = {
				ALWAYS_SEARCH_USER_PATHS = NO;
				CLANG_CXX_LANGUAGE_STANDARD = "gnu++0x";
				CLANG_CXX_LIBRARY = "libc++";
				CLANG_ENABLE_MODULES = YES;
				CLANG_ENABLE_OBJC_ARC = YES;
				CLANG_WARN_BOOL_CONVERSION = YES;
				CLANG_WARN_CONSTANT_CONVERSION = YES;
				CLANG_WARN_DIRECT_OBJC_ISA_USAGE = YES_ERROR;
				CLANG_WARN_EMPTY_BODY = YES;
				CLANG_WARN_ENUM_CONVERSION = YES;
				CLANG_WARN_INT_CONVERSION = YES;
				CLANG_WARN_OBJC_ROOT_CLASS = YES_ERROR;
				CLANG_WARN__DUPLICATE_METHOD_MATCH = YES;
				"CODE_SIGN_IDENTITY[sdk=iphoneos*]" = "iPhone Developer";
				COPY_PHASE_STRIP = NO;
				GCC_C_LANGUAGE_STANDARD = gnu99;
				GCC_DYNAMIC_NO_PIC = NO;
				GCC_OPTIMIZATION_LEVEL = 0;
				GCC_PREPROCESSOR_DEFINITIONS = (
					"DEBUG=1",
					"$(inherited)",
				);
				GCC_SYMBOLS_PRIVATE_EXTERN = NO;
				GCC_WARN_64_TO_32_BIT_CONVERSION = YES;
				GCC_WARN_ABOUT_RETURN_TYPE = YES_ERROR;
				GCC_WARN_UNDECLARED_SELECTOR = YES;
				GCC_WARN_UNINITIALIZED_AUTOS = YES_AGGRESSIVE;
				GCC_WARN_UNUSED_FUNCTION = YES;
				GCC_WARN_UNUSED_VARIABLE = YES;
				IPHONEOS_DEPLOYMENT_TARGET = 7.1;
				ONLY_ACTIVE_ARCH = YES;
				SDKROOT = iphoneos;
			};
			name = Debug;
		};
		6998671C1CCFB929004612A1 /* Release */ = {
			isa = XCBuildConfiguration;
			buildSettings = {
				ALWAYS_SEARCH_USER_PATHS = NO;
				CLANG_CXX_LANGUAGE_STANDARD = "gnu++0x";
				CLANG_CXX_LIBRARY = "libc++";
				CLANG_ENABLE_MODULES = YES;
				CLANG_ENABLE_OBJC_ARC = YES;
				CLANG_WARN_BOOL_CONVERSION = YES;
				CLANG_WARN_CONSTANT_CONVERSION = YES;
				CLANG_WARN_DIRECT_OBJC_ISA_USAGE = YES_ERROR;
				CLANG_WARN_EMPTY_BODY = YES;
				CLANG_WARN_ENUM_CONVERSION = YES;
				CLANG_WARN_INT_CONVERSION = YES;
				CLANG_WARN_OBJC_ROOT_CLASS = YES_ERROR;
				CLANG_WARN__DUPLICATE_METHOD_MATCH = YES;
				"CODE_SIGN_IDENTITY[sdk=iphoneos*]" = "iPhone Developer";
				COPY_PHASE_STRIP = YES;
				ENABLE_NS_ASSERTIONS = NO;
				GCC_C_LANGUAGE_STANDARD = gnu99;
				GCC_WARN_64_TO_32_BIT_CONVERSION = YES;
				GCC_WARN_ABOUT_RETURN_TYPE = YES_ERROR;
				GCC_WARN_UNDECLARED_SELECTOR = YES;
				GCC_WARN_UNINITIALIZED_AUTOS = YES_AGGRESSIVE;
				GCC_WARN_UNUSED_FUNCTION = YES;
				GCC_WARN_UNUSED_VARIABLE = YES;
				IPHONEOS_DEPLOYMENT_TARGET = 7.1;
				SDKROOT = iphoneos;
				VALIDATE_PRODUCT = YES;
			};
			name = Release;
		};
		6998671E1CCFB929004612A1 /* Debug */ = {
			isa = XCBuildConfiguration;
			buildSettings = {
				ASSETCATALOG_COMPILER_APPICON_NAME = AppIcon;
				ASSETCATALOG_COMPILER_LAUNCHIMAGE_NAME = LaunchImage;
				GCC_PRECOMPILE_PREFIX_HEADER = YES;
				GCC_PREFIX_HEADER = "TestXcode_SourceCode/TestXcode_SourceCode-Prefix.pch";
				INFOPLIST_FILE = "TestXcode_SourceCode/TestXcode_SourceCode-Info.plist";
				PRODUCT_NAME = "$(TARGET_NAME)";
				WRAPPER_EXTENSION = app;
			};
			name = Debug;
		};
		6998671F1CCFB929004612A1 /* Release */ = {
			isa = XCBuildConfiguration;
			buildSettings = {
				ASSETCATALOG_COMPILER_APPICON_NAME = AppIcon;
				ASSETCATALOG_COMPILER_LAUNCHIMAGE_NAME = LaunchImage;
				GCC_PRECOMPILE_PREFIX_HEADER = YES;
				GCC_PREFIX_HEADER = "TestXcode_SourceCode/TestXcode_SourceCode-Prefix.pch";
				INFOPLIST_FILE = "TestXcode_SourceCode/TestXcode_SourceCode-Info.plist";
				PRODUCT_NAME = "$(TARGET_NAME)";
				WRAPPER_EXTENSION = app;
			};
			name = Release;
		};
		699867211CCFB929004612A1 /* Debug */ = {
			isa = XCBuildConfiguration;
			buildSettings = {
				BUNDLE_LOADER = "$(BUILT_PRODUCTS_DIR)/TestXcode_SourceCode.app/TestXcode_SourceCode";
				FRAMEWORK_SEARCH_PATHS = (
					"$(SDKROOT)/Developer/Library/Frameworks",
					"$(inherited)",
					"$(DEVELOPER_FRAMEWORKS_DIR)",
				);
				GCC_PRECOMPILE_PREFIX_HEADER = YES;
				GCC_PREFIX_HEADER = "TestXcode_SourceCode/TestXcode_SourceCode-Prefix.pch";
				GCC_PREPROCESSOR_DEFINITIONS = (
					"DEBUG=1",
					"$(inherited)",
				);
				INFOPLIST_FILE = "TestXcode_SourceCodeTests/TestXcode_SourceCodeTests-Info.plist";
				PRODUCT_NAME = "$(TARGET_NAME)";
				TEST_HOST = "$(BUNDLE_LOADER)";
				WRAPPER_EXTENSION = xctest;
			};
			name = Debug;
		};
		699867221CCFB929004612A1 /* Release */ = {
			isa = XCBuildConfiguration;
			buildSettings = {
				BUNDLE_LOADER = "$(BUILT_PRODUCTS_DIR)/TestXcode_SourceCode.app/TestXcode_SourceCode";
				FRAMEWORK_SEARCH_PATHS = (
					"$(SDKROOT)/Developer/Library/Frameworks",
					"$(inherited)",
					"$(DEVELOPER_FRAMEWORKS_DIR)",
				);
				GCC_PRECOMPILE_PREFIX_HEADER = YES;
				GCC_PREFIX_HEADER = "TestXcode_SourceCode/TestXcode_SourceCode-Prefix.pch";
				INFOPLIST_FILE = "TestXcode_SourceCodeTests/TestXcode_SourceCodeTests-Info.plist";
				PRODUCT_NAME = "$(TARGET_NAME)";
				TEST_HOST = "$(BUNDLE_LOADER)";
				WRAPPER_EXTENSION = xctest;
			};
			name = Release;
		};
/* End XCBuildConfiguration section */

/* Begin XCConfigurationList section */
		699866E61CCFB929004612A1 /* Build configuration list for PBXProject "TestXcode_SourceCode" */ = {
			isa = XCConfigurationList;
			buildConfigurations = (
				6998671B1CCFB929004612A1 /* Debug */,
				6998671C1CCFB929004612A1 /* Release */,
			);
			defaultConfigurationIsVisible = 0;
			defaultConfigurationName = Release;
		};
		6998671D1CCFB929004612A1 /* Build configuration list for PBXNativeTarget "TestXcode_SourceCode" */ = {
			isa = XCConfigurationList;
			buildConfigurations = (
				6998671E1CCFB929004612A1 /* Debug */,
				6998671F1CCFB929004612A1 /* Release */,
			);
			defaultConfigurationIsVisible = 0;
		};
		699867201CCFB929004612A1 /* Build configuration list for PBXNativeTarget "TestXcode_SourceCodeTests" */ = {
			isa = XCConfigurationList;
			buildConfigurations = (
				699867211CCFB929004612A1 /* Debug */,
				699867221CCFB929004612A1 /* Release */,
			);
			defaultConfigurationIsVisible = 0;
		};
/* End XCConfigurationList section */
	};
	rootObject = 699866E31CCFB929004612A1 /* Project object */;
}
